{
  "originHash" : "ef9f2aa8b81e7575d01fcfbb0d46f7dad4849bdcdb557bd393cde5ef5098b54a",
  "pins" : [
    {
      "identity" : "kmp-nativecoroutines",
      "kind" : "remoteSourceControl",
      "location" : "https://github.com/rickclephas/KMP-NativeCoroutines.git",
      "state" : {
        "branch" : "master",
        "revision" : "777a837350e1667fe741ae6f54a35294c9410a6a"
      }
    },
    {
      "identity" : "kmp-observableviewmodel",
      "kind" : "remoteSourceControl",
      "location" : "https://github.com/rickclephas/KMP-ObservableViewModel.git",
      "state" : {
        "branch" : "master",
        "revision" : "e3c4e50d59c9f572a8b9d131a30c0c203b93a944"
      }
    },
    {
      "identity" : "rxswift",
      "kind" : "remoteSourceControl",
      "location" : "https://github.com/ReactiveX/RxSwift.git",
      "state" : {
        "revision" : "c7c7d2cf50a3211fe2843f76869c698e4e417930",
        "version" : "6.8.0"
      }
    }
  ],
  "version" : 3
}
